
Microsoft Visual Studio Solution File, Format Version 12.00
# Visual Studio Version 16
VisualStudioVersion = 16.0.32228.343
MinimumVisualStudioVersion = 10.0.40219.1
Project("{FAE04EC0-301F-11D3-BF4B-00C04F79EFBC}") = "WebApplication4", "WebApplication4\WebApplication4.csproj", "{058FA486-669E-4CD0-87C1-E2DAA71C64E9}"
EndProject
Global
	GlobalSection(SolutionConfigurationPlatforms) = preSolution
		Debug|Any CPU = Debug|Any CPU
		Release|Any CPU = Release|Any CPU
	EndGlobalSection
	GlobalSection(ProjectConfigurationPlatforms) = postSolution
		{058FA486-669E-4CD0-87C1-E2DAA71C64E9}.Debug|Any CPU.ActiveCfg = Debug|Any CPU
		{058FA486-669E-4CD0-87C1-E2DAA71C64E9}.Debug|Any CPU.Build.0 = Debug|Any CPU
		{058FA486-669E-4CD0-87C1-E2DAA71C64E9}.Release|Any CPU.ActiveCfg = Release|Any CPU
		{058FA486-669E-4CD0-87C1-E2DAA71C64E9}.Release|Any CPU.Build.0 = Release|Any CPU
	EndGlobalSection
	GlobalSection(SolutionProperties) = preSolution
		HideSolutionNode = FALSE
	EndGlobalSection
	GlobalSection(ExtensibilityGlobals) = postSolution
		SolutionGuid = {F5F8B8A5-B84B-43C6-B043-580EEC310FBE}
	EndGlobalSection
EndGlobal
